
Microsoft Visual Studio Solution File, Format Version 12.00
# Visual Studio 2013
VisualStudioVersion = 12.0.40629.0
MinimumVisualStudioVersion = 10.0.40219.1
Project("{8BC9CEB8-8B4A-11D0-8D11-00A0C91BC942}") = "Win32Project1", "Win32Project1\Win32Project1.vcxproj", "{FC7AB941-D7F9-4E05-BB87-3A94DB49D9BB}"
EndProject
Global
	GlobalSection(SolutionConfigurationPlatforms) = preSolution
		Debug|Win32 = Debug|Win32
		Release|Win32 = Release|Win32
	EndGlobalSection
	GlobalSection(ProjectConfigurationPlatforms) = postSolution
		{FC7AB941-D7F9-4E05-BB87-3A94DB49D9BB}.Debug|Win32.ActiveCfg = Debug|Win32
		{FC7AB941-D7F9-4E05-BB87-3A94DB49D9BB}.Debug|Win32.Build.0 = Debug|Win32
		{FC7AB941-D7F9-4E05-BB87-3A94DB49D9BB}.Release|Win32.ActiveCfg = Release|Win32
		{FC7AB941-D7F9-4E05-BB87-3A94DB49D9BB}.Release|Win32.Build.0 = Release|Win32
	EndGlobalSection
	GlobalSection(SolutionProperties) = preSolution
		HideSolutionNode = FALSE
	EndGlobalSection
EndGlobal
