<?xml version="1.0" encoding="utf-8"?>
<Project ToolsVersion="4.0" xmlns="http://schemas.microsoft.com/developer/msbuild/2003">
  <ItemGroup>
    <Filter Include="Source Files">
      <UniqueIdentifier>{4FC737F1-C7A5-4376-A066-2A32D752A2FF}</UniqueIdentifier>
      <Extensions>cpp;c;cc;cxx;def;odl;idl;hpj;bat;asm;asmx</Extensions>
    </Filter>
    <Filter Include="Header Files">
      <UniqueIdentifier>{93995380-89BD-4b04-88EB-625FBE52EBFB}</UniqueIdentifier>
      <Extensions>h;hh;hpp;hxx;hm;inl;inc;xsd</Extensions>
    </Filter>
    <Filter Include="Resource Files">
      <UniqueIdentifier>{67DA6AB6-F800-4c08-8B7A-83BB121AAD01}</UniqueIdentifier>
      <Extensions>rc;ico;cur;bmp;dlg;rc2;rct;bin;rgs;gif;jpg;jpeg;jpe;resx;tiff;tif;png;wav;mfcribbon-ms</Extensions>
    </Filter>
  </ItemGroup>
  <ItemGroup>
    <Text Include="ReadMe.txt" />
  </ItemGroup>
  <ItemGroup>
    <ClInclude Include="stdafx.h">
      <Filter>Header Files</Filter>
    </ClInclude>
    <ClInclude Include="Resource.h">
      <Filter>Header Files</Filter>
    </ClInclude>
    <ClInclude Include="Win32Project1.h">
      <Filter>Header Files</Filter>
    </ClInclude>
    <ClInclude Include="model\Triangle.h">
      <Filter>Header Files</Filter>
    </ClInclude>
    <ClInclude Include="model\ShapeFactory.h">
      <Filter>Header Files</Filter>
    </ClInclude>
    <ClInclude Include="model\Shape.h">
      <Filter>Header Files</Filter>
    </ClInclude>
    <ClInclude Include="model\Resize.h">
      <Filter>Header Files</Filter>
    </ClInclude>
    <ClInclude Include="model\Rectangle.h">
      <Filter>Header Files</Filter>
    </ClInclude>
    <ClInclude Include="model\Move.h">
      <Filter>Header Files</Filter>
    </ClInclude>
    <ClInclude Include="model\FillColor.h">
      <Filter>Header Files</Filter>
    </ClInclude>
    <ClInclude Include="model\Draw.h">
      <Filter>Header Files</Filter>
    </ClInclude>
    <ClInclude Include="model\Delete.h">
      <Filter>Header Files</Filter>
    </ClInclude>
    <ClInclude Include="model\CommandFactory.h">
      <Filter>Header Files</Filter>
    </ClInclude>
    <ClInclude Include="model\Command.h">
      <Filter>Header Files</Filter>
    </ClInclude>
    <ClInclude Include="model\Circle.h">
      <Filter>Header Files</Filter>
    </ClInclude>
    <ClInclude Include="model\file.h">
      <Filter>Header Files</Filter>
    </ClInclude>
    <ClInclude Include="FilePainter.h">
      <Filter>Header Files</Filter>
    </ClInclude>
    <ClInclude Include="shape_select.h">
      <Filter>Header Files</Filter>
    </ClInclude>
    <ClInclude Include="rapidxml.hpp">
      <Filter>Header Files</Filter>
    </ClInclude>
    <ClInclude Include="rapidxml_iterators.hpp">
      <Filter>Header Files</Filter>
    </ClInclude>
    <ClInclude Include="rapidxml_print.hpp">
      <Filter>Header Files</Filter>
    </ClInclude>
    <ClInclude Include="rapidxml_utils.hpp">
      <Filter>Header Files</Filter>
    </ClInclude>
    <ClInclude Include="UndoStack.h">
      <Filter>Header Files</Filter>
    </ClInclude>
    <ClInclude Include="RedoStack.h">
      <Filter>Header Files</Filter>
    </ClInclude>
  </ItemGroup>
  <ItemGroup>
    <ClCompile Include="stdafx.cpp">
      <Filter>Source Files</Filter>
    </ClCompile>
    <ClCompile Include="Win32Project1.cpp">
      <Filter>Source Files</Filter>
    </ClCompile>
    <ClCompile Include="model\file.cpp">
      <Filter>Source Files</Filter>
    </ClCompile>
    <ClCompile Include="model\ShapeMaker.cpp">
      <Filter>Source Files</Filter>
    </ClCompile>
    <ClCompile Include="model\Triangle.cpp">
      <Filter>Source Files</Filter>
    </ClCompile>
    <ClCompile Include="model\Resize.cpp">
      <Filter>Source Files</Filter>
    </ClCompile>
    <ClCompile Include="model\Rectangle.cpp">
      <Filter>Source Files</Filter>
    </ClCompile>
    <ClCompile Include="model\Move.cpp">
      <Filter>Source Files</Filter>
    </ClCompile>
    <ClCompile Include="model\FillColor.cpp">
      <Filter>Source Files</Filter>
    </ClCompile>
    <ClCompile Include="model\Draw.cpp">
      <Filter>Source Files</Filter>
    </ClCompile>
    <ClCompile Include="model\Delete.cpp">
      <Filter>Source Files</Filter>
    </ClCompile>
    <ClCompile Include="model\Circle.cpp">
      <Filter>Source Files</Filter>
    </ClCompile>
    <ClCompile Include="model\Shape.cpp">
      <Filter>Source Files</Filter>
    </ClCompile>
    <ClCompile Include="FilePainter.cpp">
      <Filter>Source Files</Filter>
    </ClCompile>
    <ClCompile Include="shape_select.cpp">
      <Filter>Source Files</Filter>
    </ClCompile>
    <ClCompile Include="UndoStack.cpp">
      <Filter>Source Files</Filter>
    </ClCompile>
    <ClCompile Include="RedoStack.cpp">
      <Filter>Source Files</Filter>
    </ClCompile>
  </ItemGroup>
  <ItemGroup>
    <ResourceCompile Include="Win32Project1.rc">
      <Filter>Resource Files</Filter>
    </ResourceCompile>
  </ItemGroup>
  <ItemGroup>
    <Image Include="small.ico">
      <Filter>Resource Files</Filter>
    </Image>
    <Image Include="Win32Project1.ico">
      <Filter>Resource Files</Filter>
    </Image>
  </ItemGroup>
</Project>